
Microsoft Visual Studio Solution File, Format Version 12.00
# Visual Studio Express 14 for Windows Desktop
VisualStudioVersion = 14.0.23107.0
MinimumVisualStudioVersion = 10.0.40219.1
Project("{FAE04EC0-301F-11D3-BF4B-00C04F79EFBC}") = "RemoteSupportServer", "RemoteSupportServer\RemoteSupportServer.csproj", "{965F23CB-582B-4C7E-9D9F-146EF1C1BF3D}"
EndProject
Project("{FAE04EC0-301F-11D3-BF4B-00C04F79EFBC}") = "RemoteSupportClient", "..\RemoteSupportClient\RemoteSupportClient\RemoteSupportClient.csproj", "{341511A3-5C8C-41CF-A299-02B8A43C2828}"
EndProject
Global
	GlobalSection(SolutionConfigurationPlatforms) = preSolution
		Debug|Any CPU = Debug|Any CPU
		Release|Any CPU = Release|Any CPU
	EndGlobalSection
	GlobalSection(ProjectConfigurationPlatforms) = postSolution
		{965F23CB-582B-4C7E-9D9F-146EF1C1BF3D}.Debug|Any CPU.ActiveCfg = Debug|Any CPU
		{965F23CB-582B-4C7E-9D9F-146EF1C1BF3D}.Debug|Any CPU.Build.0 = Debug|Any CPU
		{965F23CB-582B-4C7E-9D9F-146EF1C1BF3D}.Release|Any CPU.ActiveCfg = Release|Any CPU
		{965F23CB-582B-4C7E-9D9F-146EF1C1BF3D}.Release|Any CPU.Build.0 = Release|Any CPU
		{341511A3-5C8C-41CF-A299-02B8A43C2828}.Debug|Any CPU.ActiveCfg = Debug|Any CPU
		{341511A3-5C8C-41CF-A299-02B8A43C2828}.Debug|Any CPU.Build.0 = Debug|Any CPU
		{341511A3-5C8C-41CF-A299-02B8A43C2828}.Release|Any CPU.ActiveCfg = Release|Any CPU
		{341511A3-5C8C-41CF-A299-02B8A43C2828}.Release|Any CPU.Build.0 = Release|Any CPU
	EndGlobalSection
	GlobalSection(SolutionProperties) = preSolution
		HideSolutionNode = FALSE
	EndGlobalSection
EndGlobal
